// !$*UTF8*$!
{
	archiveVersion = 1;
	classes = {
	};
	objectVersion = 46;
	objects = {

/* Begin PBXBuildFile section */
		0405CD831DABCD0A0002E07D /* main.m in Sources */ = {isa = PBXBuildFile; fileRef = 0405CD821DABCD0A0002E07D /* main.m */; };
		0405CD861DABCD0A0002E07D /* AppDelegate.m in Sources */ = {isa = PBXBuildFile; fileRef = 0405CD851DABCD0A0002E07D /* AppDelegate.m */; };
		0405CD891DABCD0A0002E07D /* ViewController.m in Sources */ = {isa = PBXBuildFile; fileRef = 0405CD881DABCD0A0002E07D /* ViewController.m */; };
		0405CD8C1DABCD0A0002E07D /* Main.storyboard in Resources */ = {isa = PBXBuildFile; fileRef = 0405CD8A1DABCD0A0002E07D /* Main.storyboard */; };
		0405CD8E1DABCD0A0002E07D /* Assets.xcassets in Resources */ = {isa = PBXBuildFile; fileRef = 0405CD8D1DABCD0A0002E07D /* Assets.xcassets */; };
		0405CD911DABCD0A0002E07D /* LaunchScreen.storyboard in Resources */ = {isa = PBXBuildFile; fileRef = 0405CD8F1DABCD0A0002E07D /* LaunchScreen.storyboard */; };
		0405CD9C1DABCD0B0002E07D /* XXTwinkleViewTests.m in Sources */ = {isa = PBXBuildFile; fileRef = 0405CD9B1DABCD0B0002E07D /* XXTwinkleViewTests.m */; };
		0405CDA71DABCD0B0002E07D /* XXTwinkleViewUITests.m in Sources */ = {isa = PBXBuildFile; fileRef = 0405CDA61DABCD0B0002E07D /* XXTwinkleViewUITests.m */; };
		0405CDB71DABCD780002E07D /* XXTwinkleView.m in Sources */ = {isa = PBXBuildFile; fileRef = 0405CDB61DABCD780002E07D /* XXTwinkleView.m */; };
		0405CDBA1DABCF540002E07D /* XXFlashView.m in Sources */ = {isa = PBXBuildFile; fileRef = 0405CDB91DABCF540002E07D /* XXFlashView.m */; };
		041557481DAFA23E00EBC10F /* XXMarkTwinkleView.m in Sources */ = {isa = PBXBuildFile; fileRef = 041557471DAFA23D00EBC10F /* XXMarkTwinkleView.m */; };
		0415574B1DAFA53000EBC10F /* UIView+XXFrame.m in Sources */ = {isa = PBXBuildFile; fileRef = 0415574A1DAFA53000EBC10F /* UIView+XXFrame.m */; };
		830C67FF1DABF00A000A3A9A /* UIView+XXAnimation.m in Sources */ = {isa = PBXBuildFile; fileRef = 830C67FE1DABF00A000A3A9A /* UIView+XXAnimation.m */; };
		83950FF71DB3A4C200B2A428 /* UIViewController+XXCommonNavBar.m in Sources */ = {isa = PBXBuildFile; fileRef = 83950FF61DB3A4C200B2A428 /* UIViewController+XXCommonNavBar.m */; };
/* End PBXBuildFile section */

/* Begin PBXContainerItemProxy section */
		0405CD981DABCD0B0002E07D /* PBXContainerItemProxy */ = {
			isa = PBXContainerItemProxy;
			containerPortal = 0405CD761DABCD0A0002E07D /* Project object */;
			proxyType = 1;
			remoteGlobalIDString = 0405CD7D1DABCD0A0002E07D;
			remoteInfo = XXTwinkleView;
		};
		0405CDA31DABCD0B0002E07D /* PBXContainerItemProxy */ = {
			isa = PBXContainerItemProxy;
			containerPortal = 0405CD761DABCD0A0002E07D /* Project object */;
			proxyType = 1;
			remoteGlobalIDString = 0405CD7D1DABCD0A0002E07D;
			remoteInfo = XXTwinkleView;
		};
/* End PBXContainerItemProxy section */

/* Begin PBXFileReference section */
		0405CD7E1DABCD0A0002E07D /* XXTwinkleView.app */ = {isa = PBXFileReference; explicitFileType = wrapper.application; includeInIndex = 0; path = XXTwinkleView.app; sourceTree = BUILT_PRODUCTS_DIR; };
		0405CD821DABCD0A0002E07D /* main.m */ = {isa = PBXFileReference; lastKnownFileType = sourcecode.c.objc; path = main.m; sourceTree = "<group>"; };
		0405CD841DABCD0A0002E07D /* AppDelegate.h */ = {isa = PBXFileReference; lastKnownFileType = sourcecode.c.h; path = AppDelegate.h; sourceTree = "<group>"; };
		0405CD851DABCD0A0002E07D /* AppDelegate.m */ = {isa = PBXFileReference; lastKnownFileType = sourcecode.c.objc; path = AppDelegate.m; sourceTree = "<group>"; };
		0405CD871DABCD0A0002E07D /* ViewController.h */ = {isa = PBXFileReference; lastKnownFileType = sourcecode.c.h; path = ViewController.h; sourceTree = "<group>"; };
		0405CD881DABCD0A0002E07D /* ViewController.m */ = {isa = PBXFileReference; lastKnownFileType = sourcecode.c.objc; path = ViewController.m; sourceTree = "<group>"; };
		0405CD8B1DABCD0A0002E07D /* Base */ = {isa = PBXFileReference; lastKnownFileType = file.storyboard; name = Base; path = Base.lproj/Main.storyboard; sourceTree = "<group>"; };
		0405CD8D1DABCD0A0002E07D /* Assets.xcassets */ = {isa = PBXFileReference; lastKnownFileType = folder.assetcatalog; path = Assets.xcassets; sourceTree = "<group>"; };
		0405CD901DABCD0A0002E07D /* Base */ = {isa = PBXFileReference; lastKnownFileType = file.storyboard; name = Base; path = Base.lproj/LaunchScreen.storyboard; sourceTree = "<group>"; };
		0405CD921DABCD0A0002E07D /* Info.plist */ = {isa = PBXFileReference; lastKnownFileType = text.plist.xml; path = Info.plist; sourceTree = "<group>"; };
		0405CD971DABCD0B0002E07D /* XXTwinkleViewTests.xctest */ = {isa = PBXFileReference; explicitFileType = wrapper.cfbundle; includeInIndex = 0; path = XXTwinkleViewTests.xctest; sourceTree = BUILT_PRODUCTS_DIR; };
		0405CD9B1DABCD0B0002E07D /* XXTwinkleViewTests.m */ = {isa = PBXFileReference; lastKnownFileType = sourcecode.c.objc; path = XXTwinkleViewTests.m; sourceTree = "<group>"; };
		0405CD9D1DABCD0B0002E07D /* Info.plist */ = {isa = PBXFileReference; lastKnownFileType = text.plist.xml; path = Info.plist; sourceTree = "<group>"; };
		0405CDA21DABCD0B0002E07D /* XXTwinkleViewUITests.xctest */ = {isa = PBXFileReference; explicitFileType = wrapper.cfbundle; includeInIndex = 0; path = XXTwinkleViewUITests.xctest; sourceTree = BUILT_PRODUCTS_DIR; };
		0405CDA61DABCD0B0002E07D /* XXTwinkleViewUITests.m */ = {isa = PBXFileReference; lastKnownFileType = sourcecode.c.objc; path = XXTwinkleViewUITests.m; sourceTree = "<group>"; };
		0405CDA81DABCD0B0002E07D /* Info.plist */ = {isa = PBXFileReference; lastKnownFileType = text.plist.xml; path = Info.plist; sourceTree = "<group>"; };
		0405CDB51DABCD780002E07D /* XXTwinkleView.h */ = {isa = PBXFileReference; fileEncoding = 4; lastKnownFileType = sourcecode.c.h; path = XXTwinkleView.h; sourceTree = "<group>"; };
		0405CDB61DABCD780002E07D /* XXTwinkleView.m */ = {isa = PBXFileReference; fileEncoding = 4; lastKnownFileType = sourcecode.c.objc; path = XXTwinkleView.m; sourceTree = "<group>"; };
		0405CDB81DABCF540002E07D /* XXFlashView.h */ = {isa = PBXFileReference; fileEncoding = 4; lastKnownFileType = sourcecode.c.h; path = XXFlashView.h; sourceTree = "<group>"; };
		0405CDB91DABCF540002E07D /* XXFlashView.m */ = {isa = PBXFileReference; fileEncoding = 4; lastKnownFileType = sourcecode.c.objc; path = XXFlashView.m; sourceTree = "<group>"; };
		041557461DAFA23D00EBC10F /* XXMarkTwinkleView.h */ = {isa = PBXFileReference; fileEncoding = 4; lastKnownFileType = sourcecode.c.h; path = XXMarkTwinkleView.h; sourceTree = "<group>"; };
		041557471DAFA23D00EBC10F /* XXMarkTwinkleView.m */ = {isa = PBXFileReference; fileEncoding = 4; lastKnownFileType = sourcecode.c.objc; path = XXMarkTwinkleView.m; sourceTree = "<group>"; };
		041557491DAFA53000EBC10F /* UIView+XXFrame.h */ = {isa = PBXFileReference; fileEncoding = 4; lastKnownFileType = sourcecode.c.h; path = "UIView+XXFrame.h"; sourceTree = "<group>"; };
		0415574A1DAFA53000EBC10F /* UIView+XXFrame.m */ = {isa = PBXFileReference; fileEncoding = 4; lastKnownFileType = sourcecode.c.objc; path = "UIView+XXFrame.m"; sourceTree = "<group>"; };
		830C67FD1DABF00A000A3A9A /* UIView+XXAnimation.h */ = {isa = PBXFileReference; fileEncoding = 4; lastKnownFileType = sourcecode.c.h; path = "UIView+XXAnimation.h"; sourceTree = "<group>"; };
		830C67FE1DABF00A000A3A9A /* UIView+XXAnimation.m */ = {isa = PBXFileReference; fileEncoding = 4; lastKnownFileType = sourcecode.c.objc; path = "UIView+XXAnimation.m"; sourceTree = "<group>"; };
		83950FF51DB3A4C200B2A428 /* UIViewController+XXCommonNavBar.h */ = {isa = PBXFileReference; fileEncoding = 4; lastKnownFileType = sourcecode.c.h; path = "UIViewController+XXCommonNavBar.h"; sourceTree = "<group>"; };
		83950FF61DB3A4C200B2A428 /* UIViewController+XXCommonNavBar.m */ = {isa = PBXFileReference; fileEncoding = 4; lastKnownFileType = sourcecode.c.objc; path = "UIViewController+XXCommonNavBar.m"; sourceTree = "<group>"; };
/* End PBXFileReference section */

/* Begin PBXFrameworksBuildPhase section */
		0405CD7B1DABCD0A0002E07D /* Frameworks */ = {
			isa = PBXFrameworksBuildPhase;
			buildActionMask = 2147483647;
			files = (
			);
			runOnlyForDeploymentPostprocessing = 0;
		};
		0405CD941DABCD0B0002E07D /* Frameworks */ = {
			isa = PBXFrameworksBuildPhase;
			buildActionMask = 2147483647;
			files = (
			);
			runOnlyForDeploymentPostprocessing = 0;
		};
		0405CD9F1DABCD0B0002E07D /* Frameworks */ = {
			isa = PBXFrameworksBuildPhase;
			buildActionMask = 2147483647;
			files = (
			);
			runOnlyForDeploymentPostprocessing = 0;
		};
/* End PBXFrameworksBuildPhase section */

/* Begin PBXGroup section */
		0405CD751DABCD0A0002E07D = {
			isa = PBXGroup;
			children = (
				0405CD801DABCD0A0002E07D /* XXTwinkleView */,
				0405CD9A1DABCD0B0002E07D /* XXTwinkleViewTests */,
				0405CDA51DABCD0B0002E07D /* XXTwinkleViewUITests */,
				0405CD7F1DABCD0A0002E07D /* Products */,
			);
			sourceTree = "<group>";
		};
		0405CD7F1DABCD0A0002E07D /* Products */ = {
			isa = PBXGroup;
			children = (
				0405CD7E1DABCD0A0002E07D /* XXTwinkleView.app */,
				0405CD971DABCD0B0002E07D /* XXTwinkleViewTests.xctest */,
				0405CDA21DABCD0B0002E07D /* XXTwinkleViewUITests.xctest */,
			);
			name = Products;
			sourceTree = "<group>";
		};
		0405CD801DABCD0A0002E07D /* XXTwinkleView */ = {
			isa = PBXGroup;
			children = (
				041557491DAFA53000EBC10F /* UIView+XXFrame.h */,
				0415574A1DAFA53000EBC10F /* UIView+XXFrame.m */,
				830C67FD1DABF00A000A3A9A /* UIView+XXAnimation.h */,
				830C67FE1DABF00A000A3A9A /* UIView+XXAnimation.m */,
				0405CDB41DABCD6A0002E07D /* XXTwinkleView */,
				0405CD841DABCD0A0002E07D /* AppDelegate.h */,
				0405CD851DABCD0A0002E07D /* AppDelegate.m */,
				0405CD871DABCD0A0002E07D /* ViewController.h */,
				0405CD881DABCD0A0002E07D /* ViewController.m */,
				0405CD8A1DABCD0A0002E07D /* Main.storyboard */,
				0405CD8D1DABCD0A0002E07D /* Assets.xcassets */,
				0405CD8F1DABCD0A0002E07D /* LaunchScreen.storyboard */,
				0405CD921DABCD0A0002E07D /* Info.plist */,
				0405CD811DABCD0A0002E07D /* Supporting Files */,
				83950FF51DB3A4C200B2A428 /* UIViewController+XXCommonNavBar.h */,
				83950FF61DB3A4C200B2A428 /* UIViewController+XXCommonNavBar.m */,
			);
			path = XXTwinkleView;
			sourceTree = "<group>";
		};
		0405CD811DABCD0A0002E07D /* Supporting Files */ = {
			isa = PBXGroup;
			children = (
				0405CD821DABCD0A0002E07D /* main.m */,
			);
			name = "Supporting Files";
			sourceTree = "<group>";
		};
		0405CD9A1DABCD0B0002E07D /* XXTwinkleViewTests */ = {
			isa = PBXGroup;
			children = (
				0405CD9B1DABCD0B0002E07D /* XXTwinkleViewTests.m */,
				0405CD9D1DABCD0B0002E07D /* Info.plist */,
			);
			path = XXTwinkleViewTests;
			sourceTree = "<group>";
		};
		0405CDA51DABCD0B0002E07D /* XXTwinkleViewUITests */ = {
			isa = PBXGroup;
			children = (
				0405CDA61DABCD0B0002E07D /* XXTwinkleViewUITests.m */,
				0405CDA81DABCD0B0002E07D /* Info.plist */,
			);
			path = XXTwinkleViewUITests;
			sourceTree = "<group>";
		};
		0405CDB41DABCD6A0002E07D /* XXTwinkleView */ = {
			isa = PBXGroup;
			children = (
				0405CDB51DABCD780002E07D /* XXTwinkleView.h */,
				0405CDB61DABCD780002E07D /* XXTwinkleView.m */,
				0405CDB81DABCF540002E07D /* XXFlashView.h */,
				0405CDB91DABCF540002E07D /* XXFlashView.m */,
				041557461DAFA23D00EBC10F /* XXMarkTwinkleView.h */,
				041557471DAFA23D00EBC10F /* XXMarkTwinkleView.m */,
			);
			path = XXTwinkleView;
			sourceTree = "<group>";
		};
/* End PBXGroup section */

/* Begin PBXNativeTarget section */
		0405CD7D1DABCD0A0002E07D /* XXTwinkleView */ = {
			isa = PBXNativeTarget;
			buildConfigurationList = 0405CDAB1DABCD0B0002E07D /* Build configuration list for PBXNativeTarget "XXTwinkleView" */;
			buildPhases = (
				0405CD7A1DABCD0A0002E07D /* Sources */,
				0405CD7B1DABCD0A0002E07D /* Frameworks */,
				0405CD7C1DABCD0A0002E07D /* Resources */,
			);
			buildRules = (
			);
			dependencies = (
			);
			name = XXTwinkleView;
			productName = XXTwinkleView;
			productReference = 0405CD7E1DABCD0A0002E07D /* XXTwinkleView.app */;
			productType = "com.apple.product-type.application";
		};
		0405CD961DABCD0B0002E07D /* XXTwinkleViewTests */ = {
			isa = PBXNativeTarget;
			buildConfigurationList = 0405CDAE1DABCD0B0002E07D /* Build configuration list for PBXNativeTarget "XXTwinkleViewTests" */;
			buildPhases = (
				0405CD931DABCD0B0002E07D /* Sources */,
				0405CD941DABCD0B0002E07D /* Frameworks */,
				0405CD951DABCD0B0002E07D /* Resources */,
			);
			buildRules = (
			);
			dependencies = (
				0405CD991DABCD0B0002E07D /* PBXTargetDependency */,
			);
			name = XXTwinkleViewTests;
			productName = XXTwinkleViewTests;
			productReference = 0405CD971DABCD0B0002E07D /* XXTwinkleViewTests.xctest */;
			productType = "com.apple.product-type.bundle.unit-test";
		};
		0405CDA11DABCD0B0002E07D /* XXTwinkleViewUITests */ = {
			isa = PBXNativeTarget;
			buildConfigurationList = 0405CDB11DABCD0B0002E07D /* Build configuration list for PBXNativeTarget "XXTwinkleViewUITests" */;
			buildPhases = (
				0405CD9E1DABCD0B0002E07D /* Sources */,
				0405CD9F1DABCD0B0002E07D /* Frameworks */,
				0405CDA01DABCD0B0002E07D /* Resources */,
			);
			buildRules = (
			);
			dependencies = (
				0405CDA41DABCD0B0002E07D /* PBXTargetDependency */,
			);
			name = XXTwinkleViewUITests;
			productName = XXTwinkleViewUITests;
			productReference = 0405CDA21DABCD0B0002E07D /* XXTwinkleViewUITests.xctest */;
			productType = "com.apple.product-type.bundle.ui-testing";
		};
/* End PBXNativeTarget section */

/* Begin PBXProject section */
		0405CD761DABCD0A0002E07D /* Project object */ = {
			isa = PBXProject;
			attributes = {
				LastUpgradeCheck = 0800;
				ORGANIZATIONNAME = mac;
				TargetAttributes = {
					0405CD7D1DABCD0A0002E07D = {
						CreatedOnToolsVersion = 8.0;
						ProvisioningStyle = Automatic;
					};
					0405CD961DABCD0B0002E07D = {
						CreatedOnToolsVersion = 8.0;
						ProvisioningStyle = Automatic;
						TestTargetID = 0405CD7D1DABCD0A0002E07D;
					};
					0405CDA11DABCD0B0002E07D = {
						CreatedOnToolsVersion = 8.0;
						ProvisioningStyle = Automatic;
						TestTargetID = 0405CD7D1DABCD0A0002E07D;
					};
				};
			};
			buildConfigurationList = 0405CD791DABCD0A0002E07D /* Build configuration list for PBXProject "XXTwinkleView" */;
			compatibilityVersion = "Xcode 3.2";
			developmentRegion = English;
			hasScannedForEncodings = 0;
			knownRegions = (
				en,
				Base,
			);
			mainGroup = 0405CD751DABCD0A0002E07D;
			productRefGroup = 0405CD7F1DABCD0A0002E07D /* Products */;
			projectDirPath = "";
			projectRoot = "";
			targets = (
				0405CD7D1DABCD0A0002E07D /* XXTwinkleView */,
				0405CD961DABCD0B0002E07D /* XXTwinkleViewTests */,
				0405CDA11DABCD0B0002E07D /* XXTwinkleViewUITests */,
			);
		};
/* End PBXProject section */

/* Begin PBXResourcesBuildPhase section */
		0405CD7C1DABCD0A0002E07D /* Resources */ = {
			isa = PBXResourcesBuildPhase;
			buildActionMask = 2147483647;
			files = (
				0405CD911DABCD0A0002E07D /* LaunchScreen.storyboard in Resources */,
				0405CD8E1DABCD0A0002E07D /* Assets.xcassets in Resources */,
				0405CD8C1DABCD0A0002E07D /* Main.storyboard in Resources */,
			);
			runOnlyForDeploymentPostprocessing = 0;
		};
		0405CD951DABCD0B0002E07D /* Resources */ = {
			isa = PBXResourcesBuildPhase;
			buildActionMask = 2147483647;
			files = (
			);
			runOnlyForDeploymentPostprocessing = 0;
		};
		0405CDA01DABCD0B0002E07D /* Resources */ = {
			isa = PBXResourcesBuildPhase;
			buildActionMask = 2147483647;
			files = (
			);
			runOnlyForDeploymentPostprocessing = 0;
		};
/* End PBXResourcesBuildPhase section */

/* Begin PBXSourcesBuildPhase section */
		0405CD7A1DABCD0A0002E07D /* Sources */ = {
			isa = PBXSourcesBuildPhase;
			buildActionMask = 2147483647;
			files = (
				0405CDBA1DABCF540002E07D /* XXFlashView.m in Sources */,
				041557481DAFA23E00EBC10F /* XXMarkTwinkleView.m in Sources */,
				0415574B1DAFA53000EBC10F /* UIView+XXFrame.m in Sources */,
				830C67FF1DABF00A000A3A9A /* UIView+XXAnimation.m in Sources */,
				0405CD891DABCD0A0002E07D /* ViewController.m in Sources */,
				0405CD861DABCD0A0002E07D /* AppDelegate.m in Sources */,
				0405CD831DABCD0A0002E07D /* main.m in Sources */,
				83950FF71DB3A4C200B2A428 /* UIViewController+XXCommonNavBar.m in Sources */,
				0405CDB71DABCD780002E07D /* XXTwinkleView.m in Sources */,
			);
			runOnlyForDeploymentPostprocessing = 0;
		};
		0405CD931DABCD0B0002E07D /* Sources */ = {
			isa = PBXSourcesBuildPhase;
			buildActionMask = 2147483647;
			files = (
				0405CD9C1DABCD0B0002E07D /* XXTwinkleViewTests.m in Sources */,
			);
			runOnlyForDeploymentPostprocessing = 0;
		};
		0405CD9E1DABCD0B0002E07D /* Sources */ = {
			isa = PBXSourcesBuildPhase;
			buildActionMask = 2147483647;
			files = (
				0405CDA71DABCD0B0002E07D /* XXTwinkleViewUITests.m in Sources */,
			);
			runOnlyForDeploymentPostprocessing = 0;
		};
/* End PBXSourcesBuildPhase section */

/* Begin PBXTargetDependency section */
		0405CD991DABCD0B0002E07D /* PBXTargetDependency */ = {
			isa = PBXTargetDependency;
			target = 0405CD7D1DABCD0A0002E07D /* XXTwinkleView */;
			targetProxy = 0405CD981DABCD0B0002E07D /* PBXContainerItemProxy */;
		};
		0405CDA41DABCD0B0002E07D /* PBXTargetDependency */ = {
			isa = PBXTargetDependency;
			target = 0405CD7D1DABCD0A0002E07D /* XXTwinkleView */;
			targetProxy = 0405CDA31DABCD0B0002E07D /* PBXContainerItemProxy */;
		};
/* End PBXTargetDependency section */

/* Begin PBXVariantGroup section */
		0405CD8A1DABCD0A0002E07D /* Main.storyboard */ = {
			isa = PBXVariantGroup;
			children = (
				0405CD8B1DABCD0A0002E07D /* Base */,
			);
			name = Main.storyboard;
			sourceTree = "<group>";
		};
		0405CD8F1DABCD0A0002E07D /* LaunchScreen.storyboard */ = {
			isa = PBXVariantGroup;
			children = (
				0405CD901DABCD0A0002E07D /* Base */,
			);
			name = LaunchScreen.storyboard;
			sourceTree = "<group>";
		};
/* End PBXVariantGroup section */

/* Begin XCBuildConfiguration section */
		0405CDA91DABCD0B0002E07D /* Debug */ = {
			isa = XCBuildConfiguration;
			buildSettings = {
				ALWAYS_SEARCH_USER_PATHS = NO;
				CLANG_ANALYZER_NONNULL = YES;
				CLANG_CXX_LANGUAGE_STANDARD = "gnu++0x";
				CLANG_CXX_LIBRARY = "libc++";
				CLANG_ENABLE_MODULES = YES;
				CLANG_ENABLE_OBJC_ARC = YES;
				CLANG_WARN_BOOL_CONVERSION = YES;
				CLANG_WARN_CONSTANT_CONVERSION = YES;
				CLANG_WARN_DIRECT_OBJC_ISA_USAGE = YES_ERROR;
				CLANG_WARN_DOCUMENTATION_COMMENTS = YES;
				CLANG_WARN_EMPTY_BODY = YES;
				CLANG_WARN_ENUM_CONVERSION = YES;
				CLANG_WARN_INFINITE_RECURSION = YES;
				CLANG_WARN_INT_CONVERSION = YES;
				CLANG_WARN_OBJC_ROOT_CLASS = YES_ERROR;
				CLANG_WARN_SUSPICIOUS_MOVES = YES;
				CLANG_WARN_UNREACHABLE_CODE = YES;
				CLANG_WARN__DUPLICATE_METHOD_MATCH = YES;
				"CODE_SIGN_IDENTITY[sdk=iphoneos*]" = "iPhone Developer";
				COPY_PHASE_STRIP = NO;
				DEBUG_INFORMATION_FORMAT = dwarf;
				ENABLE_STRICT_OBJC_MSGSEND = YES;
				ENABLE_TESTABILITY = YES;
				GCC_C_LANGUAGE_STANDARD = gnu99;
				GCC_DYNAMIC_NO_PIC = NO;
				GCC_NO_COMMON_BLOCKS = YES;
				GCC_OPTIMIZATION_LEVEL = 0;
				GCC_PREPROCESSOR_DEFINITIONS = (
					"DEBUG=1",
					"$(inherited)",
				);
				GCC_WARN_64_TO_32_BIT_CONVERSION = YES;
				GCC_WARN_ABOUT_RETURN_TYPE = YES_ERROR;
				GCC_WARN_UNDECLARED_SELECTOR = YES;
				GCC_WARN_UNINITIALIZED_AUTOS = YES_AGGRESSIVE;
				GCC_WARN_UNUSED_FUNCTION = YES;
				GCC_WARN_UNUSED_VARIABLE = YES;
				IPHONEOS_DEPLOYMENT_TARGET = 10.0;
				MTL_ENABLE_DEBUG_INFO = YES;
				ONLY_ACTIVE_ARCH = YES;
				SDKROOT = iphoneos;
				TARGETED_DEVICE_FAMILY = "1,2";
			};
			name = Debug;
		};
		0405CDAA1DABCD0B0002E07D /* Release */ = {
			isa = XCBuildConfiguration;
			buildSettings = {
				ALWAYS_SEARCH_USER_PATHS = NO;
				CLANG_ANALYZER_NONNULL = YES;
				CLANG_CXX_LANGUAGE_STANDARD = "gnu++0x";
				CLANG_CXX_LIBRARY = "libc++";
				CLANG_ENABLE_MODULES = YES;
				CLANG_ENABLE_OBJC_ARC = YES;
				CLANG_WARN_BOOL_CONVERSION = YES;
				CLANG_WARN_CONSTANT_CONVERSION = YES;
				CLANG_WARN_DIRECT_OBJC_ISA_USAGE = YES_ERROR;
				CLANG_WARN_DOCUMENTATION_COMMENTS = YES;
				CLANG_WARN_EMPTY_BODY = YES;
				CLANG_WARN_ENUM_CONVERSION = YES;
				CLANG_WARN_INFINITE_RECURSION = YES;
				CLANG_WARN_INT_CONVERSION = YES;
				CLANG_WARN_OBJC_ROOT_CLASS = YES_ERROR;
				CLANG_WARN_SUSPICIOUS_MOVES = YES;
				CLANG_WARN_UNREACHABLE_CODE = YES;
				CLANG_WARN__DUPLICATE_METHOD_MATCH = YES;
				"CODE_SIGN_IDENTITY[sdk=iphoneos*]" = "iPhone Developer";
				COPY_PHASE_STRIP = NO;
				DEBUG_INFORMATION_FORMAT = "dwarf-with-dsym";
				ENABLE_NS_ASSERTIONS = NO;
				ENABLE_STRICT_OBJC_MSGSEND = YES;
				GCC_C_LANGUAGE_STANDARD = gnu99;
				GCC_NO_COMMON_BLOCKS = YES;
				GCC_WARN_64_TO_32_BIT_CONVERSION = YES;
				GCC_WARN_ABOUT_RETURN_TYPE = YES_ERROR;
				GCC_WARN_UNDECLARED_SELECTOR = YES;
				GCC_WARN_UNINITIALIZED_AUTOS = YES_AGGRESSIVE;
				GCC_WARN_UNUSED_FUNCTION = YES;
				GCC_WARN_UNUSED_VARIABLE = YES;
				IPHONEOS_DEPLOYMENT_TARGET = 10.0;
				MTL_ENABLE_DEBUG_INFO = NO;
				SDKROOT = iphoneos;
				TARGETED_DEVICE_FAMILY = "1,2";
				VALIDATE_PRODUCT = YES;
			};
			name = Release;
		};
		0405CDAC1DABCD0B0002E07D /* Debug */ = {
			isa = XCBuildConfiguration;
			buildSettings = {
				ASSETCATALOG_COMPILER_APPICON_NAME = AppIcon;
				INFOPLIST_FILE = XXTwinkleView/Info.plist;
				LD_RUNPATH_SEARCH_PATHS = "$(inherited) @executable_path/Frameworks";
				PRODUCT_BUNDLE_IDENTIFIER = com.meifabao.XXTwinkleView;
				PRODUCT_NAME = "$(TARGET_NAME)";
			};
			name = Debug;
		};
		0405CDAD1DABCD0B0002E07D /* Release */ = {
			isa = XCBuildConfiguration;
			buildSettings = {
				ASSETCATALOG_COMPILER_APPICON_NAME = AppIcon;
				INFOPLIST_FILE = XXTwinkleView/Info.plist;
				LD_RUNPATH_SEARCH_PATHS = "$(inherited) @executable_path/Frameworks";
				PRODUCT_BUNDLE_IDENTIFIER = com.meifabao.XXTwinkleView;
				PRODUCT_NAME = "$(TARGET_NAME)";
			};
			name = Release;
		};
		0405CDAF1DABCD0B0002E07D /* Debug */ = {
			isa = XCBuildConfiguration;
			buildSettings = {
				BUNDLE_LOADER = "$(TEST_HOST)";
				INFOPLIST_FILE = XXTwinkleViewTests/Info.plist;
				LD_RUNPATH_SEARCH_PATHS = "$(inherited) @executable_path/Frameworks @loader_path/Frameworks";
				PRODUCT_BUNDLE_IDENTIFIER = com.meifabao.XXTwinkleViewTests;
				PRODUCT_NAME = "$(TARGET_NAME)";
				TEST_HOST = "$(BUILT_PRODUCTS_DIR)/XXTwinkleView.app/XXTwinkleView";
			};
			name = Debug;
		};
		0405CDB01DABCD0B0002E07D /* Release */ = {
			isa = XCBuildConfiguration;
			buildSettings = {
				BUNDLE_LOADER = "$(TEST_HOST)";
				INFOPLIST_FILE = XXTwinkleViewTests/Info.plist;
				LD_RUNPATH_SEARCH_PATHS = "$(inherited) @executable_path/Frameworks @loader_path/Frameworks";
				PRODUCT_BUNDLE_IDENTIFIER = com.meifabao.XXTwinkleViewTests;
				PRODUCT_NAME = "$(TARGET_NAME)";
				TEST_HOST = "$(BUILT_PRODUCTS_DIR)/XXTwinkleView.app/XXTwinkleView";
			};
			name = Release;
		};
		0405CDB21DABCD0B0002E07D /* Debug */ = {
			isa = XCBuildConfiguration;
			buildSettings = {
				INFOPLIST_FILE = XXTwinkleViewUITests/Info.plist;
				LD_RUNPATH_SEARCH_PATHS = "$(inherited) @executable_path/Frameworks @loader_path/Frameworks";
				PRODUCT_BUNDLE_IDENTIFIER = com.meifabao.XXTwinkleViewUITests;
				PRODUCT_NAME = "$(TARGET_NAME)";
				TEST_TARGET_NAME = XXTwinkleView;
			};
			name = Debug;
		};
		0405CDB31DABCD0B0002E07D /* Release */ = {
			isa = XCBuildConfiguration;
			buildSettings = {
				INFOPLIST_FILE = XXTwinkleViewUITests/Info.plist;
				LD_RUNPATH_SEARCH_PATHS = "$(inherited) @executable_path/Frameworks @loader_path/Frameworks";
				PRODUCT_BUNDLE_IDENTIFIER = com.meifabao.XXTwinkleViewUITests;
				PRODUCT_NAME = "$(TARGET_NAME)";
				TEST_TARGET_NAME = XXTwinkleView;
			};
			name = Release;
		};
/* End XCBuildConfiguration section */

/* Begin XCConfigurationList section */
		0405CD791DABCD0A0002E07D /* Build configuration list for PBXProject "XXTwinkleView" */ = {
			isa = XCConfigurationList;
			buildConfigurations = (
				0405CDA91DABCD0B0002E07D /* Debug */,
				0405CDAA1DABCD0B0002E07D /* Release */,
			);
			defaultConfigurationIsVisible = 0;
			defaultConfigurationName = Release;
		};
		0405CDAB1DABCD0B0002E07D /* Build configuration list for PBXNativeTarget "XXTwinkleView" */ = {
			isa = XCConfigurationList;
			buildConfigurations = (
				0405CDAC1DABCD0B0002E07D /* Debug */,
				0405CDAD1DABCD0B0002E07D /* Release */,
			);
			defaultConfigurationIsVisible = 0;
			defaultConfigurationName = Release;
		};
		0405CDAE1DABCD0B0002E07D /* Build configuration list for PBXNativeTarget "XXTwinkleViewTests" */ = {
			isa = XCConfigurationList;
			buildConfigurations = (
				0405CDAF1DABCD0B0002E07D /* Debug */,
				0405CDB01DABCD0B0002E07D /* Release */,
			);
			defaultConfigurationIsVisible = 0;
			defaultConfigurationName = Release;
		};
		0405CDB11DABCD0B0002E07D /* Build configuration list for PBXNativeTarget "XXTwinkleViewUITests" */ = {
			isa = XCConfigurationList;
			buildConfigurations = (
				0405CDB21DABCD0B0002E07D /* Debug */,
				0405CDB31DABCD0B0002E07D /* Release */,
			);
			defaultConfigurationIsVisible = 0;
			defaultConfigurationName = Release;
		};
/* End XCConfigurationList section */
	};
	rootObject = 0405CD761DABCD0A0002E07D /* Project object */;
}
